// !$*UTF8*$!
{
	archiveVersion = 1;
	classes = {
	};
	objectVersion = 55;
	objects = {

/* Begin PBXBuildFile section */
		0DD1855A28638ED7001EBB86 /* LaunchScreen.swift in Sources */ = {isa = PBXBuildFile; fileRef = 0DD1855928638ED7001EBB86 /* LaunchScreen.swift */; };
		153382B42863ADC800CACE3C /* LoginScreen.swift in Sources */ = {isa = PBXBuildFile; fileRef = 153382AA2863ADC800CACE3C /* LoginScreen.swift */; };
		153382B52863ADC800CACE3C /* CustomSecureField.swift in Sources */ = {isa = PBXBuildFile; fileRef = 153382AC2863ADC800CACE3C /* CustomSecureField.swift */; };
		153382B62863ADC800CACE3C /* CustomTextField.swift in Sources */ = {isa = PBXBuildFile; fileRef = 153382AD2863ADC800CACE3C /* CustomTextField.swift */; };
		153382B82863ADC800CACE3C /* LoginAndRegisterScreen.swift in Sources */ = {isa = PBXBuildFile; fileRef = 153382AF2863ADC800CACE3C /* LoginAndRegisterScreen.swift */; };
		153382BA2863ADC800CACE3C /* ProfileViewModel.swift in Sources */ = {isa = PBXBuildFile; fileRef = 153382B12863ADC800CACE3C /* ProfileViewModel.swift */; };
		153382BB2863ADC800CACE3C /* RegisterScreen.swift in Sources */ = {isa = PBXBuildFile; fileRef = 153382B22863ADC800CACE3C /* RegisterScreen.swift */; };
		159EA2D12871402A0090491D /* ConfirmationScreen.swift in Sources */ = {isa = PBXBuildFile; fileRef = 159EA2D02871402A0090491D /* ConfirmationScreen.swift */; };
		1D6846212871CEE000051376 /* ResponseBaseModel.swift in Sources */ = {isa = PBXBuildFile; fileRef = 1D6846202871CEE000051376 /* ResponseBaseModel.swift */; };
		1D6846232871D32D00051376 /* LoginModel.swift in Sources */ = {isa = PBXBuildFile; fileRef = 1D6846222871D32D00051376 /* LoginModel.swift */; };
		1D71F956285F48B4009D5B13 /* TechCoffeeApp.swift in Sources */ = {isa = PBXBuildFile; fileRef = 1D71F955285F48B4009D5B13 /* TechCoffeeApp.swift */; };
		1D71F958285F48B4009D5B13 /* ContentView.swift in Sources */ = {isa = PBXBuildFile; fileRef = 1D71F957285F48B4009D5B13 /* ContentView.swift */; };
		1D71F95A285F48B5009D5B13 /* Assets.xcassets in Resources */ = {isa = PBXBuildFile; fileRef = 1D71F959285F48B5009D5B13 /* Assets.xcassets */; };
		1D71F95D285F48B5009D5B13 /* Preview Assets.xcassets in Resources */ = {isa = PBXBuildFile; fileRef = 1D71F95C285F48B5009D5B13 /* Preview Assets.xcassets */; };
		1D71F969285F4B8C009D5B13 /* Tab.swift in Sources */ = {isa = PBXBuildFile; fileRef = 1D71F968285F4B8C009D5B13 /* Tab.swift */; };
		1D71F96D285F4EBE009D5B13 /* HomeScreen.swift in Sources */ = {isa = PBXBuildFile; fileRef = 1D71F96C285F4EBE009D5B13 /* HomeScreen.swift */; };
		1D71F974285F54AF009D5B13 /* UserDefaultService.swift in Sources */ = {isa = PBXBuildFile; fileRef = 1D71F973285F54AF009D5B13 /* UserDefaultService.swift */; };
		1D71F976285F5B66009D5B13 /* ProfileScreen.swift in Sources */ = {isa = PBXBuildFile; fileRef = 1D71F975285F5B66009D5B13 /* ProfileScreen.swift */; };
		1D71F979285F5CF8009D5B13 /* UserModel.swift in Sources */ = {isa = PBXBuildFile; fileRef = 1D71F978285F5CF8009D5B13 /* UserModel.swift */; };
		1DC2170928707929000F79B3 /* GenericNetwork.swift in Sources */ = {isa = PBXBuildFile; fileRef = 1DC2170828707929000F79B3 /* GenericNetwork.swift */; };
		1DC2170C28707953000F79B3 /* Alamofire in Frameworks */ = {isa = PBXBuildFile; productRef = 1DC2170B28707953000F79B3 /* Alamofire */; };
		1DC2170F28707A07000F79B3 /* CoffeeNetworkModel.swift in Sources */ = {isa = PBXBuildFile; fileRef = 1DC2170E28707A07000F79B3 /* CoffeeNetworkModel.swift */; };
		1DC21711287081E7000F79B3 /* RegisterNetworkResponseModel.swift in Sources */ = {isa = PBXBuildFile; fileRef = 1DC21710287081E7000F79B3 /* RegisterNetworkResponseModel.swift */; };
		1DC2171328708303000F79B3 /* RegisterNetworkRequestModel.swift in Sources */ = {isa = PBXBuildFile; fileRef = 1DC2171228708303000F79B3 /* RegisterNetworkRequestModel.swift */; };
		1DC217192871BFA5000F79B3 /* CodeVerifier in Frameworks */ = {isa = PBXBuildFile; productRef = 1DC217182871BFA5000F79B3 /* CodeVerifier */; };
		1DC2171B2871C320000F79B3 /* ConfirmCodeRequestNetworkModel.swift in Sources */ = {isa = PBXBuildFile; fileRef = 1DC2171A2871C320000F79B3 /* ConfirmCodeRequestNetworkModel.swift */; };
		1DC2171F2871C41E000F79B3 /* ConfirmCodeResponseNetworkModel.swift in Sources */ = {isa = PBXBuildFile; fileRef = 1DC2171E2871C41E000F79B3 /* ConfirmCodeResponseNetworkModel.swift */; };
		1F81688228621D9C00639E6D /* CoffeeScreen.swift in Sources */ = {isa = PBXBuildFile; fileRef = 1F81688128621D9C00639E6D /* CoffeeScreen.swift */; };
		1F81688428622ABA00639E6D /* CoffeeListItemModel.swift in Sources */ = {isa = PBXBuildFile; fileRef = 1F81688328622ABA00639E6D /* CoffeeListItemModel.swift */; };
		9D4B4D272863740900B881F8 /* CoffeeDetailScreen.swift in Sources */ = {isa = PBXBuildFile; fileRef = 9D4B4D262863740900B881F8 /* CoffeeDetailScreen.swift */; };
		9F1B643D286393F00029D48E /* coffeesData.json in Resources */ = {isa = PBXBuildFile; fileRef = 9F1B643C286393F00029D48E /* coffeesData.json */; };
		9F1B6441286394710029D48E /* MapView.swift in Sources */ = {isa = PBXBuildFile; fileRef = 9F1B6440286394710029D48E /* MapView.swift */; };
		9F1B6443286394BE0029D48E /* ModelData.swift in Sources */ = {isa = PBXBuildFile; fileRef = 9F1B6442286394BE0029D48E /* ModelData.swift */; };
		D30127382864135700CEAB25 /* sf-ui-display-semibold.otf in Resources */ = {isa = PBXBuildFile; fileRef = D30127302864135700CEAB25 /* sf-ui-display-semibold.otf */; };
		D30127392864135700CEAB25 /* sf-ui-display-ultralight.otf in Resources */ = {isa = PBXBuildFile; fileRef = D30127312864135700CEAB25 /* sf-ui-display-ultralight.otf */; };
		D301273A2864135700CEAB25 /* sf-ui-display-thin.otf in Resources */ = {isa = PBXBuildFile; fileRef = D30127322864135700CEAB25 /* sf-ui-display-thin.otf */; };
		D301273B2864135700CEAB25 /* sf-ui-display-light.otf in Resources */ = {isa = PBXBuildFile; fileRef = D30127332864135700CEAB25 /* sf-ui-display-light.otf */; };
		D301273C2864135700CEAB25 /* sf-ui-display-medium.otf in Resources */ = {isa = PBXBuildFile; fileRef = D30127342864135700CEAB25 /* sf-ui-display-medium.otf */; };
		D301273D2864135700CEAB25 /* sf-ui-display-bold.otf in Resources */ = {isa = PBXBuildFile; fileRef = D30127352864135700CEAB25 /* sf-ui-display-bold.otf */; };
		D301273E2864135700CEAB25 /* sf-ui-display-heavy.otf in Resources */ = {isa = PBXBuildFile; fileRef = D30127362864135700CEAB25 /* sf-ui-display-heavy.otf */; };
		D301273F2864135700CEAB25 /* sf-ui-display-black.otf in Resources */ = {isa = PBXBuildFile; fileRef = D30127372864135700CEAB25 /* sf-ui-display-black.otf */; };
/* End PBXBuildFile section */

/* Begin PBXFileReference section */
		0DD1855928638ED7001EBB86 /* LaunchScreen.swift */ = {isa = PBXFileReference; lastKnownFileType = sourcecode.swift; path = LaunchScreen.swift; sourceTree = "<group>"; };
		153382AA2863ADC800CACE3C /* LoginScreen.swift */ = {isa = PBXFileReference; fileEncoding = 4; lastKnownFileType = sourcecode.swift; path = LoginScreen.swift; sourceTree = "<group>"; };
		153382AC2863ADC800CACE3C /* CustomSecureField.swift */ = {isa = PBXFileReference; fileEncoding = 4; lastKnownFileType = sourcecode.swift; path = CustomSecureField.swift; sourceTree = "<group>"; };
		153382AD2863ADC800CACE3C /* CustomTextField.swift */ = {isa = PBXFileReference; fileEncoding = 4; lastKnownFileType = sourcecode.swift; path = CustomTextField.swift; sourceTree = "<group>"; };
		153382AF2863ADC800CACE3C /* LoginAndRegisterScreen.swift */ = {isa = PBXFileReference; fileEncoding = 4; lastKnownFileType = sourcecode.swift; path = LoginAndRegisterScreen.swift; sourceTree = "<group>"; };
		153382B12863ADC800CACE3C /* ProfileViewModel.swift */ = {isa = PBXFileReference; fileEncoding = 4; lastKnownFileType = sourcecode.swift; path = ProfileViewModel.swift; sourceTree = "<group>"; };
		153382B22863ADC800CACE3C /* RegisterScreen.swift */ = {isa = PBXFileReference; fileEncoding = 4; lastKnownFileType = sourcecode.swift; path = RegisterScreen.swift; sourceTree = "<group>"; };
		159EA2D02871402A0090491D /* ConfirmationScreen.swift */ = {isa = PBXFileReference; lastKnownFileType = sourcecode.swift; path = ConfirmationScreen.swift; sourceTree = "<group>"; };
		1D6846202871CEE000051376 /* ResponseBaseModel.swift */ = {isa = PBXFileReference; lastKnownFileType = sourcecode.swift; path = ResponseBaseModel.swift; sourceTree = "<group>"; };
		1D6846222871D32D00051376 /* LoginModel.swift */ = {isa = PBXFileReference; lastKnownFileType = sourcecode.swift; path = LoginModel.swift; sourceTree = "<group>"; };
		1D71F952285F48B4009D5B13 /* TechCoffee.app */ = {isa = PBXFileReference; explicitFileType = wrapper.application; includeInIndex = 0; path = TechCoffee.app; sourceTree = BUILT_PRODUCTS_DIR; };
		1D71F955285F48B4009D5B13 /* TechCoffeeApp.swift */ = {isa = PBXFileReference; lastKnownFileType = sourcecode.swift; path = TechCoffeeApp.swift; sourceTree = "<group>"; };
		1D71F957285F48B4009D5B13 /* ContentView.swift */ = {isa = PBXFileReference; lastKnownFileType = sourcecode.swift; path = ContentView.swift; sourceTree = "<group>"; };
		1D71F959285F48B5009D5B13 /* Assets.xcassets */ = {isa = PBXFileReference; lastKnownFileType = folder.assetcatalog; path = Assets.xcassets; sourceTree = "<group>"; };
		1D71F95C285F48B5009D5B13 /* Preview Assets.xcassets */ = {isa = PBXFileReference; lastKnownFileType = folder.assetcatalog; path = "Preview Assets.xcassets"; sourceTree = "<group>"; };
		1D71F968285F4B8C009D5B13 /* Tab.swift */ = {isa = PBXFileReference; lastKnownFileType = sourcecode.swift; path = Tab.swift; sourceTree = "<group>"; };
		1D71F96C285F4EBE009D5B13 /* HomeScreen.swift */ = {isa = PBXFileReference; lastKnownFileType = sourcecode.swift; path = HomeScreen.swift; sourceTree = "<group>"; };
		1D71F973285F54AF009D5B13 /* UserDefaultService.swift */ = {isa = PBXFileReference; lastKnownFileType = sourcecode.swift; path = UserDefaultService.swift; sourceTree = "<group>"; };
		1D71F975285F5B66009D5B13 /* ProfileScreen.swift */ = {isa = PBXFileReference; lastKnownFileType = sourcecode.swift; path = ProfileScreen.swift; sourceTree = "<group>"; };
		1D71F978285F5CF8009D5B13 /* UserModel.swift */ = {isa = PBXFileReference; lastKnownFileType = sourcecode.swift; path = UserModel.swift; sourceTree = "<group>"; };
		1DC2170828707929000F79B3 /* GenericNetwork.swift */ = {isa = PBXFileReference; lastKnownFileType = sourcecode.swift; name = GenericNetwork.swift; path = TechCoffee/models/GenericNetwork.swift; sourceTree = SOURCE_ROOT; };
		1DC2170E28707A07000F79B3 /* CoffeeNetworkModel.swift */ = {isa = PBXFileReference; lastKnownFileType = sourcecode.swift; path = CoffeeNetworkModel.swift; sourceTree = "<group>"; };
		1DC21710287081E7000F79B3 /* RegisterNetworkResponseModel.swift */ = {isa = PBXFileReference; lastKnownFileType = sourcecode.swift; path = RegisterNetworkResponseModel.swift; sourceTree = "<group>"; };
		1DC2171228708303000F79B3 /* RegisterNetworkRequestModel.swift */ = {isa = PBXFileReference; lastKnownFileType = sourcecode.swift; path = RegisterNetworkRequestModel.swift; sourceTree = "<group>"; };
		1DC2171A2871C320000F79B3 /* ConfirmCodeRequestNetworkModel.swift */ = {isa = PBXFileReference; lastKnownFileType = sourcecode.swift; path = ConfirmCodeRequestNetworkModel.swift; sourceTree = "<group>"; };
		1DC2171E2871C41E000F79B3 /* ConfirmCodeResponseNetworkModel.swift */ = {isa = PBXFileReference; lastKnownFileType = sourcecode.swift; path = ConfirmCodeResponseNetworkModel.swift; sourceTree = "<group>"; };
		1F81688128621D9C00639E6D /* CoffeeScreen.swift */ = {isa = PBXFileReference; lastKnownFileType = sourcecode.swift; path = CoffeeScreen.swift; sourceTree = "<group>"; };
		1F81688328622ABA00639E6D /* CoffeeListItemModel.swift */ = {isa = PBXFileReference; lastKnownFileType = sourcecode.swift; path = CoffeeListItemModel.swift; sourceTree = "<group>"; };
		9D4B4D262863740900B881F8 /* CoffeeDetailScreen.swift */ = {isa = PBXFileReference; lastKnownFileType = sourcecode.swift; path = CoffeeDetailScreen.swift; sourceTree = "<group>"; };
		9F1B643C286393F00029D48E /* coffeesData.json */ = {isa = PBXFileReference; lastKnownFileType = text.json; path = coffeesData.json; sourceTree = "<group>"; };
		9F1B6440286394710029D48E /* MapView.swift */ = {isa = PBXFileReference; lastKnownFileType = sourcecode.swift; path = MapView.swift; sourceTree = "<group>"; };
		9F1B6442286394BE0029D48E /* ModelData.swift */ = {isa = PBXFileReference; lastKnownFileType = sourcecode.swift; path = ModelData.swift; sourceTree = "<group>"; };
		D301272E2863ED0100CEAB25 /* Info.plist */ = {isa = PBXFileReference; lastKnownFileType = text.plist; path = Info.plist; sourceTree = "<group>"; };
		D30127302864135700CEAB25 /* sf-ui-display-semibold.otf */ = {isa = PBXFileReference; lastKnownFileType = file; path = "sf-ui-display-semibold.otf"; sourceTree = "<group>"; };
		D30127312864135700CEAB25 /* sf-ui-display-ultralight.otf */ = {isa = PBXFileReference; lastKnownFileType = file; path = "sf-ui-display-ultralight.otf"; sourceTree = "<group>"; };
		D30127322864135700CEAB25 /* sf-ui-display-thin.otf */ = {isa = PBXFileReference; lastKnownFileType = file; path = "sf-ui-display-thin.otf"; sourceTree = "<group>"; };
		D30127332864135700CEAB25 /* sf-ui-display-light.otf */ = {isa = PBXFileReference; lastKnownFileType = file; path = "sf-ui-display-light.otf"; sourceTree = "<group>"; };
		D30127342864135700CEAB25 /* sf-ui-display-medium.otf */ = {isa = PBXFileReference; lastKnownFileType = file; path = "sf-ui-display-medium.otf"; sourceTree = "<group>"; };
		D30127352864135700CEAB25 /* sf-ui-display-bold.otf */ = {isa = PBXFileReference; lastKnownFileType = file; path = "sf-ui-display-bold.otf"; sourceTree = "<group>"; };
		D30127362864135700CEAB25 /* sf-ui-display-heavy.otf */ = {isa = PBXFileReference; lastKnownFileType = file; path = "sf-ui-display-heavy.otf"; sourceTree = "<group>"; };
		D30127372864135700CEAB25 /* sf-ui-display-black.otf */ = {isa = PBXFileReference; lastKnownFileType = file; path = "sf-ui-display-black.otf"; sourceTree = "<group>"; };
/* End PBXFileReference section */

/* Begin PBXFrameworksBuildPhase section */
		1D71F94F285F48B4009D5B13 /* Frameworks */ = {
			isa = PBXFrameworksBuildPhase;
			buildActionMask = 2147483647;
			files = (
				1DC2170C28707953000F79B3 /* Alamofire in Frameworks */,
				1DC217192871BFA5000F79B3 /* CodeVerifier in Frameworks */,
			);
			runOnlyForDeploymentPostprocessing = 0;
		};
/* End PBXFrameworksBuildPhase section */

/* Begin PBXGroup section */
		153382AB2863ADC800CACE3C /* ProfileSubViews */ = {
			isa = PBXGroup;
			children = (
				153382AC2863ADC800CACE3C /* CustomSecureField.swift */,
				153382AD2863ADC800CACE3C /* CustomTextField.swift */,
			);
			path = ProfileSubViews;
			sourceTree = "<group>";
		};
		1D71F949285F48B4009D5B13 = {
			isa = PBXGroup;
			children = (
				1D71F954285F48B4009D5B13 /* TechCoffee */,
				1D71F953285F48B4009D5B13 /* Products */,
			);
			sourceTree = "<group>";
		};
		1D71F953285F48B4009D5B13 /* Products */ = {
			isa = PBXGroup;
			children = (
				1D71F952285F48B4009D5B13 /* TechCoffee.app */,
			);
			name = Products;
			sourceTree = "<group>";
		};
		1D71F954285F48B4009D5B13 /* TechCoffee */ = {
			isa = PBXGroup;
			children = (
				D301272F2864131E00CEAB25 /* Fonts */,
				D301272E2863ED0100CEAB25 /* Info.plist */,
				1D71F977285F5CE8009D5B13 /* models */,
				1D71F972285F5375009D5B13 /* services */,
				1D71F966285F4AA9009D5B13 /* extensions */,
				1D71F965285F4A9D009D5B13 /* env */,
				1D71F964285F4A91009D5B13 /* network */,
				1D71F963285F4973009D5B13 /* views */,
				9F1B643A286393A10029D48E /* resources */,
				1D71F955285F48B4009D5B13 /* TechCoffeeApp.swift */,
				0DD1855928638ED7001EBB86 /* LaunchScreen.swift */,
				1D71F957285F48B4009D5B13 /* ContentView.swift */,
				1D71F959285F48B5009D5B13 /* Assets.xcassets */,
				1D71F95B285F48B5009D5B13 /* Preview Content */,
			);
			path = TechCoffee;
			sourceTree = "<group>";
		};
		1D71F95B285F48B5009D5B13 /* Preview Content */ = {
			isa = PBXGroup;
			children = (
				1D71F95C285F48B5009D5B13 /* Preview Assets.xcassets */,
			);
			path = "Preview Content";
			sourceTree = "<group>";
		};
		1D71F963285F4973009D5B13 /* views */ = {
			isa = PBXGroup;
			children = (
				1D71F96A285F4E6A009D5B13 /* Screens */,
				1D71F967285F4B74009D5B13 /* navigations */,
			);
			path = views;
			sourceTree = "<group>";
		};
		1D71F964285F4A91009D5B13 /* network */ = {
			isa = PBXGroup;
			children = (
				1DC2170828707929000F79B3 /* GenericNetwork.swift */,
			);
			path = network;
			sourceTree = "<group>";
		};
		1D71F965285F4A9D009D5B13 /* env */ = {
			isa = PBXGroup;
			children = (
			);
			path = env;
			sourceTree = "<group>";
		};
		1D71F966285F4AA9009D5B13 /* extensions */ = {
			isa = PBXGroup;
			children = (
			);
			path = extensions;
			sourceTree = "<group>";
		};
		1D71F967285F4B74009D5B13 /* navigations */ = {
			isa = PBXGroup;
			children = (
				1D71F968285F4B8C009D5B13 /* Tab.swift */,
			);
			path = navigations;
			sourceTree = "<group>";
		};
		1D71F96A285F4E6A009D5B13 /* Screens */ = {
			isa = PBXGroup;
			children = (
				1F81688028621D7D00639E6D /* Coffee */,
				1D71F971285F4EEC009D5B13 /* Notification */,
				1D71F96E285F4ECD009D5B13 /* Profile */,
				1D71F96B285F4EAC009D5B13 /* Home */,
			);
			path = Screens;
			sourceTree = "<group>";
		};
		1D71F96B285F4EAC009D5B13 /* Home */ = {
			isa = PBXGroup;
			children = (
				1D71F96C285F4EBE009D5B13 /* HomeScreen.swift */,
			);
			path = Home;
			sourceTree = "<group>";
		};
		1D71F96E285F4ECD009D5B13 /* Profile */ = {
			isa = PBXGroup;
			children = (
				1D71F975285F5B66009D5B13 /* ProfileScreen.swift */,
				153382B12863ADC800CACE3C /* ProfileViewModel.swift */,
				153382AF2863ADC800CACE3C /* LoginAndRegisterScreen.swift */,
				153382AA2863ADC800CACE3C /* LoginScreen.swift */,
				153382B22863ADC800CACE3C /* RegisterScreen.swift */,
				159EA2D02871402A0090491D /* ConfirmationScreen.swift */,
				153382AB2863ADC800CACE3C /* ProfileSubViews */,
			);
			path = Profile;
			sourceTree = "<group>";
		};
		1D71F971285F4EEC009D5B13 /* Notification */ = {
			isa = PBXGroup;
			children = (
			);
			path = Notification;
			sourceTree = "<group>";
		};
		1D71F972285F5375009D5B13 /* services */ = {
			isa = PBXGroup;
			children = (
				1D71F973285F54AF009D5B13 /* UserDefaultService.swift */,
				9F1B6442286394BE0029D48E /* ModelData.swift */,
			);
			path = services;
			sourceTree = "<group>";
		};
		1D71F977285F5CE8009D5B13 /* models */ = {
			isa = PBXGroup;
			children = (
				1DC2170D287079C6000F79B3 /* networkModels */,
				1D71F978285F5CF8009D5B13 /* UserModel.swift */,
				1F81688328622ABA00639E6D /* CoffeeListItemModel.swift */,
				1D6846222871D32D00051376 /* LoginModel.swift */,
			);
			path = models;
			sourceTree = "<group>";
		};
		1DC2170D287079C6000F79B3 /* networkModels */ = {
			isa = PBXGroup;
			children = (
				1DC2171D2871C3EA000F79B3 /* response */,
				1DC2171C2871C3BA000F79B3 /* request */,
				1DC2170E28707A07000F79B3 /* CoffeeNetworkModel.swift */,
			);
			path = networkModels;
			sourceTree = "<group>";
		};
		1DC2171C2871C3BA000F79B3 /* request */ = {
			isa = PBXGroup;
			children = (
				1DC2171A2871C320000F79B3 /* ConfirmCodeRequestNetworkModel.swift */,
				1DC2171228708303000F79B3 /* RegisterNetworkRequestModel.swift */,
			);
			path = request;
			sourceTree = "<group>";
		};
		1DC2171D2871C3EA000F79B3 /* response */ = {
			isa = PBXGroup;
			children = (
				1DC21710287081E7000F79B3 /* RegisterNetworkResponseModel.swift */,
				1DC2171E2871C41E000F79B3 /* ConfirmCodeResponseNetworkModel.swift */,
				1D6846202871CEE000051376 /* ResponseBaseModel.swift */,
			);
			path = response;
			sourceTree = "<group>";
		};
		1F81688028621D7D00639E6D /* Coffee */ = {
			isa = PBXGroup;
			children = (
				1F81688128621D9C00639E6D /* CoffeeScreen.swift */,
				9F1B643B286393B20029D48E /* CoffeeDetail */,
			);
			path = Coffee;
			sourceTree = "<group>";
		};
		9F1B643A286393A10029D48E /* resources */ = {
			isa = PBXGroup;
			children = (
				9F1B643C286393F00029D48E /* coffeesData.json */,
			);
			path = resources;
			sourceTree = "<group>";
		};
		9F1B643B286393B20029D48E /* CoffeeDetail */ = {
			isa = PBXGroup;
			children = (
				9D4B4D262863740900B881F8 /* CoffeeDetailScreen.swift */,
				9F1B6440286394710029D48E /* MapView.swift */,
			);
			path = CoffeeDetail;
			sourceTree = "<group>";
		};
		D301272F2864131E00CEAB25 /* Fonts */ = {
			isa = PBXGroup;
			children = (
				D30127372864135700CEAB25 /* sf-ui-display-black.otf */,
				D30127352864135700CEAB25 /* sf-ui-display-bold.otf */,
				D30127362864135700CEAB25 /* sf-ui-display-heavy.otf */,
				D30127332864135700CEAB25 /* sf-ui-display-light.otf */,
				D30127342864135700CEAB25 /* sf-ui-display-medium.otf */,
				D30127302864135700CEAB25 /* sf-ui-display-semibold.otf */,
				D30127322864135700CEAB25 /* sf-ui-display-thin.otf */,
				D30127312864135700CEAB25 /* sf-ui-display-ultralight.otf */,
			);
			path = Fonts;
			sourceTree = "<group>";
		};
/* End PBXGroup section */

/* Begin PBXNativeTarget section */
		1D71F951285F48B4009D5B13 /* TechCoffee */ = {
			isa = PBXNativeTarget;
			buildConfigurationList = 1D71F960285F48B5009D5B13 /* Build configuration list for PBXNativeTarget "TechCoffee" */;
			buildPhases = (
				1D71F94E285F48B4009D5B13 /* Sources */,
				1D71F94F285F48B4009D5B13 /* Frameworks */,
				1D71F950285F48B4009D5B13 /* Resources */,
			);
			buildRules = (
			);
			dependencies = (
			);
			name = TechCoffee;
			packageProductDependencies = (
				1DC2170B28707953000F79B3 /* Alamofire */,
				1DC217182871BFA5000F79B3 /* CodeVerifier */,
			);
			productName = TechCoffee;
			productReference = 1D71F952285F48B4009D5B13 /* TechCoffee.app */;
			productType = "com.apple.product-type.application";
		};
/* End PBXNativeTarget section */

/* Begin PBXProject section */
		1D71F94A285F48B4009D5B13 /* Project object */ = {
			isa = PBXProject;
			attributes = {
				BuildIndependentTargetsInParallel = 1;
				LastSwiftUpdateCheck = 1310;
				LastUpgradeCheck = 1310;
				TargetAttributes = {
					1D71F951285F48B4009D5B13 = {
						CreatedOnToolsVersion = 13.1;
					};
				};
			};
			buildConfigurationList = 1D71F94D285F48B4009D5B13 /* Build configuration list for PBXProject "TechCoffee" */;
			compatibilityVersion = "Xcode 13.0";
			developmentRegion = en;
			hasScannedForEncodings = 0;
			knownRegions = (
				en,
				Base,
			);
			mainGroup = 1D71F949285F48B4009D5B13;
			packageReferences = (
				1DC2170A28707953000F79B3 /* XCRemoteSwiftPackageReference "Alamofire" */,
				1DC217172871BFA5000F79B3 /* XCRemoteSwiftPackageReference "CodeVerifier" */,
			);
			productRefGroup = 1D71F953285F48B4009D5B13 /* Products */;
			projectDirPath = "";
			projectRoot = "";
			targets = (
				1D71F951285F48B4009D5B13 /* TechCoffee */,
			);
		};
/* End PBXProject section */

/* Begin PBXResourcesBuildPhase section */
		1D71F950285F48B4009D5B13 /* Resources */ = {
			isa = PBXResourcesBuildPhase;
			buildActionMask = 2147483647;
			files = (
				9F1B643D286393F00029D48E /* coffeesData.json in Resources */,
				D301273C2864135700CEAB25 /* sf-ui-display-medium.otf in Resources */,
				D301273E2864135700CEAB25 /* sf-ui-display-heavy.otf in Resources */,
				D301273F2864135700CEAB25 /* sf-ui-display-black.otf in Resources */,
				D301273A2864135700CEAB25 /* sf-ui-display-thin.otf in Resources */,
				D301273B2864135700CEAB25 /* sf-ui-display-light.otf in Resources */,
				D30127382864135700CEAB25 /* sf-ui-display-semibold.otf in Resources */,
				D301273D2864135700CEAB25 /* sf-ui-display-bold.otf in Resources */,
				1D71F95D285F48B5009D5B13 /* Preview Assets.xcassets in Resources */,
				D30127392864135700CEAB25 /* sf-ui-display-ultralight.otf in Resources */,
				1D71F95A285F48B5009D5B13 /* Assets.xcassets in Resources */,
			);
			runOnlyForDeploymentPostprocessing = 0;
		};
/* End PBXResourcesBuildPhase section */

/* Begin PBXSourcesBuildPhase section */
		1D71F94E285F48B4009D5B13 /* Sources */ = {
			isa = PBXSourcesBuildPhase;
			buildActionMask = 2147483647;
			files = (
				153382B82863ADC800CACE3C /* LoginAndRegisterScreen.swift in Sources */,
				1D6846232871D32D00051376 /* LoginModel.swift in Sources */,
				1D71F96D285F4EBE009D5B13 /* HomeScreen.swift in Sources */,
				9F1B6441286394710029D48E /* MapView.swift in Sources */,
				1DC2171328708303000F79B3 /* RegisterNetworkRequestModel.swift in Sources */,
				1D71F979285F5CF8009D5B13 /* UserModel.swift in Sources */,
				9F1B6443286394BE0029D48E /* ModelData.swift in Sources */,
				153382BA2863ADC800CACE3C /* ProfileViewModel.swift in Sources */,
				1DC2170928707929000F79B3 /* GenericNetwork.swift in Sources */,
				0DD1855A28638ED7001EBB86 /* LaunchScreen.swift in Sources */,
				1DC2171F2871C41E000F79B3 /* ConfirmCodeResponseNetworkModel.swift in Sources */,
				1DC2170F28707A07000F79B3 /* CoffeeNetworkModel.swift in Sources */,
				1D71F976285F5B66009D5B13 /* ProfileScreen.swift in Sources */,
				1F81688428622ABA00639E6D /* CoffeeListItemModel.swift in Sources */,
				153382B62863ADC800CACE3C /* CustomTextField.swift in Sources */,
				153382B52863ADC800CACE3C /* CustomSecureField.swift in Sources */,
				1D71F969285F4B8C009D5B13 /* Tab.swift in Sources */,
				1D71F958285F48B4009D5B13 /* ContentView.swift in Sources */,
				1F81688228621D9C00639E6D /* CoffeeScreen.swift in Sources */,
				1D71F974285F54AF009D5B13 /* UserDefaultService.swift in Sources */,
				1D6846212871CEE000051376 /* ResponseBaseModel.swift in Sources */,
				153382BB2863ADC800CACE3C /* RegisterScreen.swift in Sources */,
				1DC2171B2871C320000F79B3 /* ConfirmCodeRequestNetworkModel.swift in Sources */,
				9D4B4D272863740900B881F8 /* CoffeeDetailScreen.swift in Sources */,
				159EA2D12871402A0090491D /* ConfirmationScreen.swift in Sources */,
				1D71F956285F48B4009D5B13 /* TechCoffeeApp.swift in Sources */,
				153382B42863ADC800CACE3C /* LoginScreen.swift in Sources */,
				1DC21711287081E7000F79B3 /* RegisterNetworkResponseModel.swift in Sources */,
			);
			runOnlyForDeploymentPostprocessing = 0;
		};
/* End PBXSourcesBuildPhase section */

/* Begin XCBuildConfiguration section */
		1D71F95E285F48B5009D5B13 /* Debug */ = {
			isa = XCBuildConfiguration;
			buildSettings = {
				ALWAYS_SEARCH_USER_PATHS = NO;
				CLANG_ANALYZER_NONNULL = YES;
				CLANG_ANALYZER_NUMBER_OBJECT_CONVERSION = YES_AGGRESSIVE;
				CLANG_CXX_LANGUAGE_STANDARD = "gnu++17";
				CLANG_CXX_LIBRARY = "libc++";
				CLANG_ENABLE_MODULES = YES;
				CLANG_ENABLE_OBJC_ARC = YES;
				CLANG_ENABLE_OBJC_WEAK = YES;
				CLANG_WARN_BLOCK_CAPTURE_AUTORELEASING = YES;
				CLANG_WARN_BOOL_CONVERSION = YES;
				CLANG_WARN_COMMA = YES;
				CLANG_WARN_CONSTANT_CONVERSION = YES;
				CLANG_WARN_DEPRECATED_OBJC_IMPLEMENTATIONS = YES;
				CLANG_WARN_DIRECT_OBJC_ISA_USAGE = YES_ERROR;
				CLANG_WARN_DOCUMENTATION_COMMENTS = YES;
				CLANG_WARN_EMPTY_BODY = YES;
				CLANG_WARN_ENUM_CONVERSION = YES;
				CLANG_WARN_INFINITE_RECURSION = YES;
				CLANG_WARN_INT_CONVERSION = YES;
				CLANG_WARN_NON_LITERAL_NULL_CONVERSION = YES;
				CLANG_WARN_OBJC_IMPLICIT_RETAIN_SELF = YES;
				CLANG_WARN_OBJC_LITERAL_CONVERSION = YES;
				CLANG_WARN_OBJC_ROOT_CLASS = YES_ERROR;
				CLANG_WARN_QUOTED_INCLUDE_IN_FRAMEWORK_HEADER = YES;
				CLANG_WARN_RANGE_LOOP_ANALYSIS = YES;
				CLANG_WARN_STRICT_PROTOTYPES = YES;
				CLANG_WARN_SUSPICIOUS_MOVE = YES;
				CLANG_WARN_UNGUARDED_AVAILABILITY = YES_AGGRESSIVE;
				CLANG_WARN_UNREACHABLE_CODE = YES;
				CLANG_WARN__DUPLICATE_METHOD_MATCH = YES;
				COPY_PHASE_STRIP = NO;
				DEBUG_INFORMATION_FORMAT = dwarf;
				ENABLE_STRICT_OBJC_MSGSEND = YES;
				ENABLE_TESTABILITY = YES;
				GCC_C_LANGUAGE_STANDARD = gnu11;
				GCC_DYNAMIC_NO_PIC = NO;
				GCC_NO_COMMON_BLOCKS = YES;
				GCC_OPTIMIZATION_LEVEL = 0;
				GCC_PREPROCESSOR_DEFINITIONS = (
					"DEBUG=1",
					"$(inherited)",
				);
				GCC_WARN_64_TO_32_BIT_CONVERSION = YES;
				GCC_WARN_ABOUT_RETURN_TYPE = YES_ERROR;
				GCC_WARN_UNDECLARED_SELECTOR = YES;
				GCC_WARN_UNINITIALIZED_AUTOS = YES_AGGRESSIVE;
				GCC_WARN_UNUSED_FUNCTION = YES;
				GCC_WARN_UNUSED_VARIABLE = YES;
				IPHONEOS_DEPLOYMENT_TARGET = 15.0;
				MTL_ENABLE_DEBUG_INFO = INCLUDE_SOURCE;
				MTL_FAST_MATH = YES;
				ONLY_ACTIVE_ARCH = YES;
				SDKROOT = iphoneos;
				SWIFT_ACTIVE_COMPILATION_CONDITIONS = DEBUG;
				SWIFT_OPTIMIZATION_LEVEL = "-Onone";
			};
			name = Debug;
		};
		1D71F95F285F48B5009D5B13 /* Release */ = {
			isa = XCBuildConfiguration;
			buildSettings = {
				ALWAYS_SEARCH_USER_PATHS = NO;
				CLANG_ANALYZER_NONNULL = YES;
				CLANG_ANALYZER_NUMBER_OBJECT_CONVERSION = YES_AGGRESSIVE;
				CLANG_CXX_LANGUAGE_STANDARD = "gnu++17";
				CLANG_CXX_LIBRARY = "libc++";
				CLANG_ENABLE_MODULES = YES;
				CLANG_ENABLE_OBJC_ARC = YES;
				CLANG_ENABLE_OBJC_WEAK = YES;
				CLANG_WARN_BLOCK_CAPTURE_AUTORELEASING = YES;
				CLANG_WARN_BOOL_CONVERSION = YES;
				CLANG_WARN_COMMA = YES;
				CLANG_WARN_CONSTANT_CONVERSION = YES;
				CLANG_WARN_DEPRECATED_OBJC_IMPLEMENTATIONS = YES;
				CLANG_WARN_DIRECT_OBJC_ISA_USAGE = YES_ERROR;
				CLANG_WARN_DOCUMENTATION_COMMENTS = YES;
				CLANG_WARN_EMPTY_BODY = YES;
				CLANG_WARN_ENUM_CONVERSION = YES;
				CLANG_WARN_INFINITE_RECURSION = YES;
				CLANG_WARN_INT_CONVERSION = YES;
				CLANG_WARN_NON_LITERAL_NULL_CONVERSION = YES;
				CLANG_WARN_OBJC_IMPLICIT_RETAIN_SELF = YES;
				CLANG_WARN_OBJC_LITERAL_CONVERSION = YES;
				CLANG_WARN_OBJC_ROOT_CLASS = YES_ERROR;
				CLANG_WARN_QUOTED_INCLUDE_IN_FRAMEWORK_HEADER = YES;
				CLANG_WARN_RANGE_LOOP_ANALYSIS = YES;
				CLANG_WARN_STRICT_PROTOTYPES = YES;
				CLANG_WARN_SUSPICIOUS_MOVE = YES;
				CLANG_WARN_UNGUARDED_AVAILABILITY = YES_AGGRESSIVE;
				CLANG_WARN_UNREACHABLE_CODE = YES;
				CLANG_WARN__DUPLICATE_METHOD_MATCH = YES;
				COPY_PHASE_STRIP = NO;
				DEBUG_INFORMATION_FORMAT = "dwarf-with-dsym";
				ENABLE_NS_ASSERTIONS = NO;
				ENABLE_STRICT_OBJC_MSGSEND = YES;
				GCC_C_LANGUAGE_STANDARD = gnu11;
				GCC_NO_COMMON_BLOCKS = YES;
				GCC_WARN_64_TO_32_BIT_CONVERSION = YES;
				GCC_WARN_ABOUT_RETURN_TYPE = YES_ERROR;
				GCC_WARN_UNDECLARED_SELECTOR = YES;
				GCC_WARN_UNINITIALIZED_AUTOS = YES_AGGRESSIVE;
				GCC_WARN_UNUSED_FUNCTION = YES;
				GCC_WARN_UNUSED_VARIABLE = YES;
				IPHONEOS_DEPLOYMENT_TARGET = 15.0;
				MTL_ENABLE_DEBUG_INFO = NO;
				MTL_FAST_MATH = YES;
				SDKROOT = iphoneos;
				SWIFT_COMPILATION_MODE = wholemodule;
				SWIFT_OPTIMIZATION_LEVEL = "-O";
				VALIDATE_PRODUCT = YES;
			};
			name = Release;
		};
		1D71F961285F48B5009D5B13 /* Debug */ = {
			isa = XCBuildConfiguration;
			buildSettings = {
				ASSETCATALOG_COMPILER_APPICON_NAME = AppIcon;
				ASSETCATALOG_COMPILER_GLOBAL_ACCENT_COLOR_NAME = AccentColor;
				CODE_SIGN_STYLE = Automatic;
				CURRENT_PROJECT_VERSION = 1;
				DEVELOPMENT_ASSET_PATHS = "\"TechCoffee/Preview Content\"";
				DEVELOPMENT_TEAM = 5WJ6D6989G;
				ENABLE_PREVIEWS = YES;
				GENERATE_INFOPLIST_FILE = YES;
				INFOPLIST_FILE = TechCoffee/Info.plist;
				INFOPLIST_KEY_UIApplicationSceneManifest_Generation = YES;
				INFOPLIST_KEY_UIApplicationSupportsIndirectInputEvents = YES;
				INFOPLIST_KEY_UILaunchScreen_Generation = YES;
				INFOPLIST_KEY_UISupportedInterfaceOrientations_iPad = "UIInterfaceOrientationPortrait UIInterfaceOrientationPortraitUpsideDown UIInterfaceOrientationLandscapeLeft UIInterfaceOrientationLandscapeRight";
				INFOPLIST_KEY_UISupportedInterfaceOrientations_iPhone = "UIInterfaceOrientationPortrait UIInterfaceOrientationLandscapeLeft UIInterfaceOrientationLandscapeRight";
				LD_RUNPATH_SEARCH_PATHS = (
					"$(inherited)",
					"@executable_path/Frameworks",
				);
				MARKETING_VERSION = 1.0;
				PRODUCT_BUNDLE_IDENTIFIER = com.cagatayyildiz.TechCoffee;
				PRODUCT_NAME = "$(TARGET_NAME)";
				SWIFT_EMIT_LOC_STRINGS = YES;
				SWIFT_VERSION = 5.0;
				TARGETED_DEVICE_FAMILY = "1,2";
			};
			name = Debug;
		};
		1D71F962285F48B5009D5B13 /* Release */ = {
			isa = XCBuildConfiguration;
			buildSettings = {
				ASSETCATALOG_COMPILER_APPICON_NAME = AppIcon;
				ASSETCATALOG_COMPILER_GLOBAL_ACCENT_COLOR_NAME = AccentColor;
				CODE_SIGN_STYLE = Automatic;
				CURRENT_PROJECT_VERSION = 1;
				DEVELOPMENT_ASSET_PATHS = "\"TechCoffee/Preview Content\"";
				DEVELOPMENT_TEAM = 5WJ6D6989G;
				ENABLE_PREVIEWS = YES;
				GENERATE_INFOPLIST_FILE = YES;
				INFOPLIST_FILE = TechCoffee/Info.plist;
				INFOPLIST_KEY_UIApplicationSceneManifest_Generation = YES;
				INFOPLIST_KEY_UIApplicationSupportsIndirectInputEvents = YES;
				INFOPLIST_KEY_UILaunchScreen_Generation = YES;
				INFOPLIST_KEY_UISupportedInterfaceOrientations_iPad = "UIInterfaceOrientationPortrait UIInterfaceOrientationPortraitUpsideDown UIInterfaceOrientationLandscapeLeft UIInterfaceOrientationLandscapeRight";
				INFOPLIST_KEY_UISupportedInterfaceOrientations_iPhone = "UIInterfaceOrientationPortrait UIInterfaceOrientationLandscapeLeft UIInterfaceOrientationLandscapeRight";
				LD_RUNPATH_SEARCH_PATHS = (
					"$(inherited)",
					"@executable_path/Frameworks",
				);
				MARKETING_VERSION = 1.0;
				PRODUCT_BUNDLE_IDENTIFIER = com.cagatayyildiz.TechCoffee;
				PRODUCT_NAME = "$(TARGET_NAME)";
				SWIFT_EMIT_LOC_STRINGS = YES;
				SWIFT_VERSION = 5.0;
				TARGETED_DEVICE_FAMILY = "1,2";
			};
			name = Release;
		};
/* End XCBuildConfiguration section */

/* Begin XCConfigurationList section */
		1D71F94D285F48B4009D5B13 /* Build configuration list for PBXProject "TechCoffee" */ = {
			isa = XCConfigurationList;
			buildConfigurations = (
				1D71F95E285F48B5009D5B13 /* Debug */,
				1D71F95F285F48B5009D5B13 /* Release */,
			);
			defaultConfigurationIsVisible = 0;
			defaultConfigurationName = Release;
		};
		1D71F960285F48B5009D5B13 /* Build configuration list for PBXNativeTarget "TechCoffee" */ = {
			isa = XCConfigurationList;
			buildConfigurations = (
				1D71F961285F48B5009D5B13 /* Debug */,
				1D71F962285F48B5009D5B13 /* Release */,
			);
			defaultConfigurationIsVisible = 0;
			defaultConfigurationName = Release;
		};
/* End XCConfigurationList section */

/* Begin XCRemoteSwiftPackageReference section */
		1DC2170A28707953000F79B3 /* XCRemoteSwiftPackageReference "Alamofire" */ = {
			isa = XCRemoteSwiftPackageReference;
			repositoryURL = "https://github.com/Alamofire/Alamofire.git";
			requirement = {
				branch = master;
				kind = branch;
			};
		};
		1DC217172871BFA5000F79B3 /* XCRemoteSwiftPackageReference "CodeVerifier" */ = {
			isa = XCRemoteSwiftPackageReference;
			repositoryURL = "https://github.com/posix88/CodeVerifier";
			requirement = {
				kind = upToNextMajorVersion;
				minimumVersion = 0.2.0;
			};
		};
/* End XCRemoteSwiftPackageReference section */

/* Begin XCSwiftPackageProductDependency section */
		1DC2170B28707953000F79B3 /* Alamofire */ = {
			isa = XCSwiftPackageProductDependency;
			package = 1DC2170A28707953000F79B3 /* XCRemoteSwiftPackageReference "Alamofire" */;
			productName = Alamofire;
		};
		1DC217182871BFA5000F79B3 /* CodeVerifier */ = {
			isa = XCSwiftPackageProductDependency;
			package = 1DC217172871BFA5000F79B3 /* XCRemoteSwiftPackageReference "CodeVerifier" */;
			productName = CodeVerifier;
		};
/* End XCSwiftPackageProductDependency section */
	};
	rootObject = 1D71F94A285F48B4009D5B13 /* Project object */;
}
