{
  "pins" : [
    {
      "identity" : "alamofire",
      "kind" : "remoteSourceControl",
      "location" : "https://github.com/Alamofire/Alamofire.git",
      "state" : {
        "branch" : "master",
        "revision" : "51d67100121d586c9d15ec0227de96442af4dd6d"
      }
    },
    {
      "identity" : "codeverifier",
      "kind" : "remoteSourceControl",
      "location" : "https://github.com/posix88/CodeVerifier",
      "state" : {
        "revision" : "ed509fe1e5c3b37d48b4c3e17630d2ea4bd94741",
        "version" : "0.2.0"
      }
    }
  ],
  "version" : 2
}
